
Microsoft Visual Studio Solution File, Format Version 12.00
# Visual Studio Version 17
VisualStudioVersion = 17.2.32929.388
MinimumVisualStudioVersion = 10.0.40219.1
Project("{FAE04EC0-301F-11D3-BF4B-00C04F79EFBC}") = "WebApplication", "WebApplication\WebApplication.csproj", "{14B51383-7F6E-49B1-A7A8-9AD03B0DFB84}"
EndProject
Global
	GlobalSection(SolutionConfigurationPlatforms) = preSolution
		Debug|Any CPU = Debug|Any CPU
		Release|Any CPU = Release|Any CPU
	EndGlobalSection
	GlobalSection(ProjectConfigurationPlatforms) = postSolution
		{14B51383-7F6E-49B1-A7A8-9AD03B0DFB84}.Debug|Any CPU.ActiveCfg = Debug|Any CPU
		{14B51383-7F6E-49B1-A7A8-9AD03B0DFB84}.Debug|Any CPU.Build.0 = Debug|Any CPU
		{14B51383-7F6E-49B1-A7A8-9AD03B0DFB84}.Release|Any CPU.ActiveCfg = Release|Any CPU
		{14B51383-7F6E-49B1-A7A8-9AD03B0DFB84}.Release|Any CPU.Build.0 = Release|Any CPU
	EndGlobalSection
	GlobalSection(SolutionProperties) = preSolution
		HideSolutionNode = FALSE
	EndGlobalSection
	GlobalSection(ExtensibilityGlobals) = postSolution
		SolutionGuid = {8125D53C-7FBF-43CA-A2BB-C9F08896F285}
	EndGlobalSection
EndGlobal
